
Microsoft Visual Studio Solution File, Format Version 12.00
# Visual Studio Version 17
VisualStudioVersion = 17.3.32901.215
MinimumVisualStudioVersion = 10.0.40219.1
Project("{FAE04EC0-301F-11D3-BF4B-00C04F79EFBC}") = "laba_01", "laba_01.csproj", "{46B70B9D-C4F7-414C-B2F6-4279028E0293}"
EndProject
Global
	GlobalSection(SolutionConfigurationPlatforms) = preSolution
		Debug|Any CPU = Debug|Any CPU
		Release|Any CPU = Release|Any CPU
	EndGlobalSection
	GlobalSection(ProjectConfigurationPlatforms) = postSolution
		{46B70B9D-C4F7-414C-B2F6-4279028E0293}.Debug|Any CPU.ActiveCfg = Debug|Any CPU
		{46B70B9D-C4F7-414C-B2F6-4279028E0293}.Debug|Any CPU.Build.0 = Debug|Any CPU
		{46B70B9D-C4F7-414C-B2F6-4279028E0293}.Release|Any CPU.ActiveCfg = Release|Any CPU
		{46B70B9D-C4F7-414C-B2F6-4279028E0293}.Release|Any CPU.Build.0 = Release|Any CPU
	EndGlobalSection
	GlobalSection(SolutionProperties) = preSolution
		HideSolutionNode = FALSE
	EndGlobalSection
	GlobalSection(ExtensibilityGlobals) = postSolution
		SolutionGuid = {61500002-FD79-4C33-9D8F-A746FF08B9CD}
	EndGlobalSection
EndGlobal
